<?xml version="1.0" encoding="utf-8"?>
<Project ToolsVersion="4.0" xmlns="http://schemas.microsoft.com/developer/msbuild/2003">
  <ItemGroup>
    <ClInclude Include="Graph.h" />
    <ClInclude Include="Vertex.h" />
    <ClInclude Include="Edge.h" />
    <ClInclude Include="Sequence.h" />
    <ClInclude Include="LinkedListSequence.h" />
    <ClInclude Include="ArraySequence.h" />
    <ClInclude Include="LinkedList.h" />
    <ClInclude Include="DynamicArray.h" />
    <ClInclude Include="Graph_Directed.h" />
    <ClInclude Include="Graph_UnDirected.h" />
    <ClInclude Include="BinaryHeap.h" />
  </ItemGroup>
  <ItemGroup>
    <ClCompile Include="Source.cpp" />
  </ItemGroup>
</Project>